
Microsoft Visual Studio Solution File, Format Version 12.00
Project("{2150E333-8FDC-42A3-9474-1A3956D46DE8}") = "ServiceNameOrCustom", "ServiceNameOrCustom", "{121B974B-9C00-47EC-8961-469C6E1596EB}"
EndProject
Project("{FAE04EC0-301F-11D3-BF4B-00C04F79EFBC}") = "NamespaceRoot.ProductName.ServiceNameOrCustom", "NamespaceRoot.ProductName.ServiceNameOrCustom\NamespaceRoot.ProductName.ServiceNameOrCustom\NamespaceRoot.ProductName.ServiceNameOrCustom.csproj", "{5A5DD699-1BBB-40B6-A9FB-8B2269A9A74D}"
EndProject
Project("{FAE04EC0-301F-11D3-BF4B-00C04F79EFBC}") = "NamespaceRoot.ProductName.ServiceNameOrCustom.Application", "NamespaceRoot.ProductName.ServiceNameOrCustom\NamespaceRoot.ProductName.ServiceNameOrCustom.Application\NamespaceRoot.ProductName.ServiceNameOrCustom.Application.csproj", "{E313F870-A3F7-44CA-A02D-E2FD74B77D51}"
EndProject
Project("{FAE04EC0-301F-11D3-BF4B-00C04F79EFBC}") = "NamespaceRoot.ProductName.ServiceNameOrCustom.Infrastructure", "NamespaceRoot.ProductName.ServiceNameOrCustom\NamespaceRoot.ProductName.ServiceNameOrCustom.Infrastructure\NamespaceRoot.ProductName.ServiceNameOrCustom.Infrastructure.csproj", "{59B65D9A-7010-4AD1-9F5E-616704CF7E88}"
EndProject
Project("{FAE04EC0-301F-11D3-BF4B-00C04F79EFBC}") = "NamespaceRoot.ProductName.ServiceNameOrCustom.Tests", "NamespaceRoot.ProductName.ServiceNameOrCustom\NamespaceRoot.ProductName.ServiceNameOrCustom.Tests\NamespaceRoot.ProductName.ServiceNameOrCustom.Tests.csproj", "{D2A63D9B-B100-4FBF-93AC-7EF92D598286}"
EndProject
Project("{FAE04EC0-301F-11D3-BF4B-00C04F79EFBC}") = "NamespaceRoot.ProductName.Common", "..\common\NamespaceRoot.ProductName.Common\NamespaceRoot.ProductName.Common.csproj", "{004F54B4-E283-4C68-8B6E-7C0961805385}"
EndProject
Project("{FAE04EC0-301F-11D3-BF4B-00C04F79EFBC}") = "NamespaceRoot.ProductName.Common.Contracts", "..\common\NamespaceRoot.ProductName.Common.Contracts\NamespaceRoot.ProductName.Common.Contracts.csproj", "{64B15E07-BF43-4755-A037-441A7B54BB2A}"
EndProject
Project("{FAE04EC0-301F-11D3-BF4B-00C04F79EFBC}") = "NamespaceRoot.ProductName.ServiceNameOrCustom.API", "NamespaceRoot.ProductName.ServiceNameOrCustom\NamespaceRoot.ProductName.ServiceNameOrCustom.API\NamespaceRoot.ProductName.ServiceNameOrCustom.API.csproj", "{5A453523-162D-4FFE-897E-278A17882559}"
EndProject
Global
	GlobalSection(SolutionConfigurationPlatforms) = preSolution
		Debug|Any CPU = Debug|Any CPU
		Debug|x64 = Debug|x64
		Debug|x86 = Debug|x86
		Release|Any CPU = Release|Any CPU
		Release|x64 = Release|x64
		Release|x86 = Release|x86
	EndGlobalSection
	GlobalSection(ProjectConfigurationPlatforms) = postSolution
		{5A5DD699-1BBB-40B6-A9FB-8B2269A9A74D}.Debug|Any CPU.ActiveCfg = Debug|Any CPU
		{5A5DD699-1BBB-40B6-A9FB-8B2269A9A74D}.Debug|Any CPU.Build.0 = Debug|Any CPU
		{5A5DD699-1BBB-40B6-A9FB-8B2269A9A74D}.Debug|x64.ActiveCfg = Debug|Any CPU
		{5A5DD699-1BBB-40B6-A9FB-8B2269A9A74D}.Debug|x64.Build.0 = Debug|Any CPU
		{5A5DD699-1BBB-40B6-A9FB-8B2269A9A74D}.Debug|x86.ActiveCfg = Debug|Any CPU
		{5A5DD699-1BBB-40B6-A9FB-8B2269A9A74D}.Debug|x86.Build.0 = Debug|Any CPU
		{5A5DD699-1BBB-40B6-A9FB-8B2269A9A74D}.Release|Any CPU.ActiveCfg = Release|Any CPU
		{5A5DD699-1BBB-40B6-A9FB-8B2269A9A74D}.Release|Any CPU.Build.0 = Release|Any CPU
		{5A5DD699-1BBB-40B6-A9FB-8B2269A9A74D}.Release|x64.ActiveCfg = Release|Any CPU
		{5A5DD699-1BBB-40B6-A9FB-8B2269A9A74D}.Release|x64.Build.0 = Release|Any CPU
		{5A5DD699-1BBB-40B6-A9FB-8B2269A9A74D}.Release|x86.ActiveCfg = Release|Any CPU
		{5A5DD699-1BBB-40B6-A9FB-8B2269A9A74D}.Release|x86.Build.0 = Release|Any CPU
		{E313F870-A3F7-44CA-A02D-E2FD74B77D51}.Debug|Any CPU.ActiveCfg = Debug|Any CPU
		{E313F870-A3F7-44CA-A02D-E2FD74B77D51}.Debug|Any CPU.Build.0 = Debug|Any CPU
		{E313F870-A3F7-44CA-A02D-E2FD74B77D51}.Debug|x64.ActiveCfg = Debug|Any CPU
		{E313F870-A3F7-44CA-A02D-E2FD74B77D51}.Debug|x64.Build.0 = Debug|Any CPU
		{E313F870-A3F7-44CA-A02D-E2FD74B77D51}.Debug|x86.ActiveCfg = Debug|Any CPU
		{E313F870-A3F7-44CA-A02D-E2FD74B77D51}.Debug|x86.Build.0 = Debug|Any CPU
		{E313F870-A3F7-44CA-A02D-E2FD74B77D51}.Release|Any CPU.ActiveCfg = Release|Any CPU
		{E313F870-A3F7-44CA-A02D-E2FD74B77D51}.Release|Any CPU.Build.0 = Release|Any CPU
		{E313F870-A3F7-44CA-A02D-E2FD74B77D51}.Release|x64.ActiveCfg = Release|Any CPU
		{E313F870-A3F7-44CA-A02D-E2FD74B77D51}.Release|x64.Build.0 = Release|Any CPU
		{E313F870-A3F7-44CA-A02D-E2FD74B77D51}.Release|x86.ActiveCfg = Release|Any CPU
		{E313F870-A3F7-44CA-A02D-E2FD74B77D51}.Release|x86.Build.0 = Release|Any CPU
		{59B65D9A-7010-4AD1-9F5E-616704CF7E88}.Debug|Any CPU.ActiveCfg = Debug|Any CPU
		{59B65D9A-7010-4AD1-9F5E-616704CF7E88}.Debug|Any CPU.Build.0 = Debug|Any CPU
		{59B65D9A-7010-4AD1-9F5E-616704CF7E88}.Debug|x64.ActiveCfg = Debug|Any CPU
		{59B65D9A-7010-4AD1-9F5E-616704CF7E88}.Debug|x64.Build.0 = Debug|Any CPU
		{59B65D9A-7010-4AD1-9F5E-616704CF7E88}.Debug|x86.ActiveCfg = Debug|Any CPU
		{59B65D9A-7010-4AD1-9F5E-616704CF7E88}.Debug|x86.Build.0 = Debug|Any CPU
		{59B65D9A-7010-4AD1-9F5E-616704CF7E88}.Release|Any CPU.ActiveCfg = Release|Any CPU
		{59B65D9A-7010-4AD1-9F5E-616704CF7E88}.Release|Any CPU.Build.0 = Release|Any CPU
		{59B65D9A-7010-4AD1-9F5E-616704CF7E88}.Release|x64.ActiveCfg = Release|Any CPU
		{59B65D9A-7010-4AD1-9F5E-616704CF7E88}.Release|x64.Build.0 = Release|Any CPU
		{59B65D9A-7010-4AD1-9F5E-616704CF7E88}.Release|x86.ActiveCfg = Release|Any CPU
		{59B65D9A-7010-4AD1-9F5E-616704CF7E88}.Release|x86.Build.0 = Release|Any CPU
		{D2A63D9B-B100-4FBF-93AC-7EF92D598286}.Debug|Any CPU.ActiveCfg = Debug|Any CPU
		{D2A63D9B-B100-4FBF-93AC-7EF92D598286}.Debug|Any CPU.Build.0 = Debug|Any CPU
		{D2A63D9B-B100-4FBF-93AC-7EF92D598286}.Debug|x64.ActiveCfg = Debug|Any CPU
		{D2A63D9B-B100-4FBF-93AC-7EF92D598286}.Debug|x64.Build.0 = Debug|Any CPU
		{D2A63D9B-B100-4FBF-93AC-7EF92D598286}.Debug|x86.ActiveCfg = Debug|Any CPU
		{D2A63D9B-B100-4FBF-93AC-7EF92D598286}.Debug|x86.Build.0 = Debug|Any CPU
		{D2A63D9B-B100-4FBF-93AC-7EF92D598286}.Release|Any CPU.ActiveCfg = Release|Any CPU
		{D2A63D9B-B100-4FBF-93AC-7EF92D598286}.Release|Any CPU.Build.0 = Release|Any CPU
		{D2A63D9B-B100-4FBF-93AC-7EF92D598286}.Release|x64.ActiveCfg = Release|Any CPU
		{D2A63D9B-B100-4FBF-93AC-7EF92D598286}.Release|x64.Build.0 = Release|Any CPU
		{D2A63D9B-B100-4FBF-93AC-7EF92D598286}.Release|x86.ActiveCfg = Release|Any CPU
		{D2A63D9B-B100-4FBF-93AC-7EF92D598286}.Release|x86.Build.0 = Release|Any CPU
		{004F54B4-E283-4C68-8B6E-7C0961805385}.Debug|Any CPU.ActiveCfg = Debug|Any CPU
		{004F54B4-E283-4C68-8B6E-7C0961805385}.Debug|Any CPU.Build.0 = Debug|Any CPU
		{004F54B4-E283-4C68-8B6E-7C0961805385}.Debug|x64.ActiveCfg = Debug|Any CPU
		{004F54B4-E283-4C68-8B6E-7C0961805385}.Debug|x64.Build.0 = Debug|Any CPU
		{004F54B4-E283-4C68-8B6E-7C0961805385}.Debug|x86.ActiveCfg = Debug|Any CPU
		{004F54B4-E283-4C68-8B6E-7C0961805385}.Debug|x86.Build.0 = Debug|Any CPU
		{004F54B4-E283-4C68-8B6E-7C0961805385}.Release|Any CPU.ActiveCfg = Release|Any CPU
		{004F54B4-E283-4C68-8B6E-7C0961805385}.Release|Any CPU.Build.0 = Release|Any CPU
		{004F54B4-E283-4C68-8B6E-7C0961805385}.Release|x64.ActiveCfg = Release|Any CPU
		{004F54B4-E283-4C68-8B6E-7C0961805385}.Release|x64.Build.0 = Release|Any CPU
		{004F54B4-E283-4C68-8B6E-7C0961805385}.Release|x86.ActiveCfg = Release|Any CPU
		{004F54B4-E283-4C68-8B6E-7C0961805385}.Release|x86.Build.0 = Release|Any CPU
		{64B15E07-BF43-4755-A037-441A7B54BB2A}.Debug|Any CPU.ActiveCfg = Debug|Any CPU
		{64B15E07-BF43-4755-A037-441A7B54BB2A}.Debug|Any CPU.Build.0 = Debug|Any CPU
		{64B15E07-BF43-4755-A037-441A7B54BB2A}.Debug|x64.ActiveCfg = Debug|Any CPU
		{64B15E07-BF43-4755-A037-441A7B54BB2A}.Debug|x64.Build.0 = Debug|Any CPU
		{64B15E07-BF43-4755-A037-441A7B54BB2A}.Debug|x86.ActiveCfg = Debug|Any CPU
		{64B15E07-BF43-4755-A037-441A7B54BB2A}.Debug|x86.Build.0 = Debug|Any CPU
		{64B15E07-BF43-4755-A037-441A7B54BB2A}.Release|Any CPU.ActiveCfg = Release|Any CPU
		{64B15E07-BF43-4755-A037-441A7B54BB2A}.Release|Any CPU.Build.0 = Release|Any CPU
		{64B15E07-BF43-4755-A037-441A7B54BB2A}.Release|x64.ActiveCfg = Release|Any CPU
		{64B15E07-BF43-4755-A037-441A7B54BB2A}.Release|x64.Build.0 = Release|Any CPU
		{64B15E07-BF43-4755-A037-441A7B54BB2A}.Release|x86.ActiveCfg = Release|Any CPU
		{64B15E07-BF43-4755-A037-441A7B54BB2A}.Release|x86.Build.0 = Release|Any CPU
		{5A453523-162D-4FFE-897E-278A17882559}.Debug|Any CPU.ActiveCfg = Debug|Any CPU
		{5A453523-162D-4FFE-897E-278A17882559}.Debug|Any CPU.Build.0 = Debug|Any CPU
		{5A453523-162D-4FFE-897E-278A17882559}.Debug|x64.ActiveCfg = Debug|Any CPU
		{5A453523-162D-4FFE-897E-278A17882559}.Debug|x64.Build.0 = Debug|Any CPU
		{5A453523-162D-4FFE-897E-278A17882559}.Debug|x86.ActiveCfg = Debug|Any CPU
		{5A453523-162D-4FFE-897E-278A17882559}.Debug|x86.Build.0 = Debug|Any CPU
		{5A453523-162D-4FFE-897E-278A17882559}.Release|Any CPU.ActiveCfg = Release|Any CPU
		{5A453523-162D-4FFE-897E-278A17882559}.Release|Any CPU.Build.0 = Release|Any CPU
		{5A453523-162D-4FFE-897E-278A17882559}.Release|x64.ActiveCfg = Release|Any CPU
		{5A453523-162D-4FFE-897E-278A17882559}.Release|x64.Build.0 = Release|Any CPU
		{5A453523-162D-4FFE-897E-278A17882559}.Release|x86.ActiveCfg = Release|Any CPU
		{5A453523-162D-4FFE-897E-278A17882559}.Release|x86.Build.0 = Release|Any CPU
	EndGlobalSection
	GlobalSection(SolutionProperties) = preSolution
		HideSolutionNode = FALSE
	EndGlobalSection
	GlobalSection(NestedProjects) = preSolution
		{5A5DD699-1BBB-40B6-A9FB-8B2269A9A74D} = {121B974B-9C00-47EC-8961-469C6E1596EB}
		{E313F870-A3F7-44CA-A02D-E2FD74B77D51} = {121B974B-9C00-47EC-8961-469C6E1596EB}
		{59B65D9A-7010-4AD1-9F5E-616704CF7E88} = {121B974B-9C00-47EC-8961-469C6E1596EB}
		{D2A63D9B-B100-4FBF-93AC-7EF92D598286} = {121B974B-9C00-47EC-8961-469C6E1596EB}
		{5A453523-162D-4FFE-897E-278A17882559} = {121B974B-9C00-47EC-8961-469C6E1596EB}
	EndGlobalSection
EndGlobal
