
Microsoft Visual Studio Solution File, Format Version 12.00
Project("{FAE04EC0-301F-11D3-BF4B-00C04F79EFBC}") = "Sawking.Avox.Framework", "Sawking.Avox.Framework\Sawking.Avox.Framework.csproj", "{F2960016-A9FD-4A3E-A2E6-76795B61A959}"
EndProject
Global
	GlobalSection(SolutionConfigurationPlatforms) = preSolution
		Debug|Any CPU = Debug|Any CPU
		Release|Any CPU = Release|Any CPU
	EndGlobalSection
	GlobalSection(ProjectConfigurationPlatforms) = postSolution
		{F2960016-A9FD-4A3E-A2E6-76795B61A959}.Debug|Any CPU.ActiveCfg = Debug|Any CPU
		{F2960016-A9FD-4A3E-A2E6-76795B61A959}.Debug|Any CPU.Build.0 = Debug|Any CPU
		{F2960016-A9FD-4A3E-A2E6-76795B61A959}.Release|Any CPU.ActiveCfg = Release|Any CPU
		{F2960016-A9FD-4A3E-A2E6-76795B61A959}.Release|Any CPU.Build.0 = Release|Any CPU
	EndGlobalSection
EndGlobal
